// !$*UTF8*$!
{
	archiveVersion = 1;
	classes = {
	};
	objectVersion = 77;
	objects = {

/* Begin PBXBuildFile section */
		4CF92CE92CE8CD3800135033 /* Hierarchy in Frameworks */ = {isa = PBXBuildFile; productRef = 4CF92CE82CE8CD3800135033 /* Hierarchy */; };
		4CF92CF62CE8CD9600135033 /* Assets.xcassets in Resources */ = {isa = PBXBuildFile; fileRef = 4CF92CEE2CE8CD9600135033 /* Assets.xcassets */; };
		4CF92CF82CE8CD9600135033 /* Main.storyboard in Resources */ = {isa = PBXBuildFile; fileRef = 4CF92CF32CE8CD9600135033 /* Main.storyboard */; };
		4CF92CF92CE8CD9600135033 /* AppDelegate.swift in Sources */ = {isa = PBXBuildFile; fileRef = 4CF92CED2CE8CD9600135033 /* AppDelegate.swift */; };
		4CF92CFA2CE8CD9600135033 /* Document.swift in Sources */ = {isa = PBXBuildFile; fileRef = 4CF92CEF2CE8CD9600135033 /* Document.swift */; };
		4CF92D0E2CE8D6CE00135033 /* DesignSystem in Frameworks */ = {isa = PBXBuildFile; productRef = 4CF92D0D2CE8D6CE00135033 /* DesignSystem */; };
		4CF92D142CE8DDD100135033 /* CoreModule in Frameworks */ = {isa = PBXBuildFile; productRef = 4CF92D132CE8DDD100135033 /* CoreModule */; };
/* End PBXBuildFile section */

/* Begin PBXContainerItemProxy section */
		4CF92C5F2CE8A94E00135033 /* PBXContainerItemProxy */ = {
			isa = PBXContainerItemProxy;
			containerPortal = 4CF92C422CE8A94D00135033 /* Project object */;
			proxyType = 1;
			remoteGlobalIDString = 4CF92C492CE8A94D00135033;
			remoteInfo = macOS;
		};
		4CF92C692CE8A94E00135033 /* PBXContainerItemProxy */ = {
			isa = PBXContainerItemProxy;
			containerPortal = 4CF92C422CE8A94D00135033 /* Project object */;
			proxyType = 1;
			remoteGlobalIDString = 4CF92C492CE8A94D00135033;
			remoteInfo = macOS;
		};
/* End PBXContainerItemProxy section */

/* Begin PBXFileReference section */
		4C2CF87C2D329D7000CA19FB /* macOSRelease.entitlements */ = {isa = PBXFileReference; lastKnownFileType = text.plist.entitlements; path = macOSRelease.entitlements; sourceTree = "<group>"; };
		4CF92C4A2CE8A94D00135033 /* Nested List.app */ = {isa = PBXFileReference; explicitFileType = wrapper.application; includeInIndex = 0; path = "Nested List.app"; sourceTree = BUILT_PRODUCTS_DIR; };
		4CF92C5E2CE8A94E00135033 /* macOSTests.xctest */ = {isa = PBXFileReference; explicitFileType = wrapper.cfbundle; includeInIndex = 0; path = macOSTests.xctest; sourceTree = BUILT_PRODUCTS_DIR; };
		4CF92C682CE8A94E00135033 /* macOSUITests.xctest */ = {isa = PBXFileReference; explicitFileType = wrapper.cfbundle; includeInIndex = 0; path = macOSUITests.xctest; sourceTree = BUILT_PRODUCTS_DIR; };
		4CF92CED2CE8CD9600135033 /* AppDelegate.swift */ = {isa = PBXFileReference; lastKnownFileType = sourcecode.swift; path = AppDelegate.swift; sourceTree = "<group>"; };
		4CF92CEE2CE8CD9600135033 /* Assets.xcassets */ = {isa = PBXFileReference; lastKnownFileType = folder.assetcatalog; path = Assets.xcassets; sourceTree = "<group>"; };
		4CF92CEF2CE8CD9600135033 /* Document.swift */ = {isa = PBXFileReference; lastKnownFileType = sourcecode.swift; path = Document.swift; sourceTree = "<group>"; };
		4CF92CF02CE8CD9600135033 /* Info.plist */ = {isa = PBXFileReference; lastKnownFileType = text.plist.xml; path = Info.plist; sourceTree = "<group>"; };
		4CF92CF12CE8CD9600135033 /* macOS.entitlements */ = {isa = PBXFileReference; lastKnownFileType = text.plist.entitlements; path = macOS.entitlements; sourceTree = "<group>"; };
		4CF92CF22CE8CD9600135033 /* Base */ = {isa = PBXFileReference; lastKnownFileType = file.storyboard; name = Base; path = Base.lproj/Main.storyboard; sourceTree = "<group>"; };
/* End PBXFileReference section */

/* Begin PBXFileSystemSynchronizedRootGroup section */
		4CF92C612CE8A94E00135033 /* macOSTests */ = {
			isa = PBXFileSystemSynchronizedRootGroup;
			path = macOSTests;
			sourceTree = "<group>";
		};
		4CF92C6B2CE8A94E00135033 /* macOSUITests */ = {
			isa = PBXFileSystemSynchronizedRootGroup;
			path = macOSUITests;
			sourceTree = "<group>";
		};
		4CF92CFC2CE8CD9C00135033 /* Unit */ = {
			isa = PBXFileSystemSynchronizedRootGroup;
			path = Unit;
			sourceTree = "<group>";
		};
		4CF92D222CEA291200135033 /* Common */ = {
			isa = PBXFileSystemSynchronizedRootGroup;
			path = Common;
			sourceTree = "<group>";
		};
/* End PBXFileSystemSynchronizedRootGroup section */

/* Begin PBXFrameworksBuildPhase section */
		4CF92C472CE8A94D00135033 /* Frameworks */ = {
			isa = PBXFrameworksBuildPhase;
			buildActionMask = 2147483647;
			files = (
				4CF92D0E2CE8D6CE00135033 /* DesignSystem in Frameworks */,
				4CF92D142CE8DDD100135033 /* CoreModule in Frameworks */,
				4CF92CE92CE8CD3800135033 /* Hierarchy in Frameworks */,
			);
			runOnlyForDeploymentPostprocessing = 0;
		};
		4CF92C5B2CE8A94E00135033 /* Frameworks */ = {
			isa = PBXFrameworksBuildPhase;
			buildActionMask = 2147483647;
			files = (
			);
			runOnlyForDeploymentPostprocessing = 0;
		};
		4CF92C652CE8A94E00135033 /* Frameworks */ = {
			isa = PBXFrameworksBuildPhase;
			buildActionMask = 2147483647;
			files = (
			);
			runOnlyForDeploymentPostprocessing = 0;
		};
/* End PBXFrameworksBuildPhase section */

/* Begin PBXGroup section */
		4CF92C412CE8A94D00135033 = {
			isa = PBXGroup;
			children = (
				4CF92CF52CE8CD9600135033 /* macOS */,
				4CF92C612CE8A94E00135033 /* macOSTests */,
				4CF92C6B2CE8A94E00135033 /* macOSUITests */,
				4CF92C4B2CE8A94D00135033 /* Products */,
			);
			sourceTree = "<group>";
		};
		4CF92C4B2CE8A94D00135033 /* Products */ = {
			isa = PBXGroup;
			children = (
				4CF92C4A2CE8A94D00135033 /* Nested List.app */,
				4CF92C5E2CE8A94E00135033 /* macOSTests.xctest */,
				4CF92C682CE8A94E00135033 /* macOSUITests.xctest */,
			);
			name = Products;
			sourceTree = "<group>";
		};
		4CF92CF52CE8CD9600135033 /* macOS */ = {
			isa = PBXGroup;
			children = (
				4C2CF87C2D329D7000CA19FB /* macOSRelease.entitlements */,
				4CF92CED2CE8CD9600135033 /* AppDelegate.swift */,
				4CF92CEF2CE8CD9600135033 /* Document.swift */,
				4CF92D222CEA291200135033 /* Common */,
				4CF92CFC2CE8CD9C00135033 /* Unit */,
				4CF92CEE2CE8CD9600135033 /* Assets.xcassets */,
				4CF92CF02CE8CD9600135033 /* Info.plist */,
				4CF92CF12CE8CD9600135033 /* macOS.entitlements */,
				4CF92CF32CE8CD9600135033 /* Main.storyboard */,
			);
			path = macOS;
			sourceTree = "<group>";
		};
/* End PBXGroup section */

/* Begin PBXNativeTarget section */
		4CF92C492CE8A94D00135033 /* Nested List */ = {
			isa = PBXNativeTarget;
			buildConfigurationList = 4CF92C712CE8A94E00135033 /* Build configuration list for PBXNativeTarget "Nested List" */;
			buildPhases = (
				4CF92C462CE8A94D00135033 /* Sources */,
				4CF92C472CE8A94D00135033 /* Frameworks */,
				4CF92C482CE8A94D00135033 /* Resources */,
			);
			buildRules = (
			);
			dependencies = (
			);
			fileSystemSynchronizedGroups = (
				4CF92CFC2CE8CD9C00135033 /* Unit */,
				4CF92D222CEA291200135033 /* Common */,
			);
			name = "Nested List";
			packageProductDependencies = (
				4CF92CE82CE8CD3800135033 /* Hierarchy */,
				4CF92D0D2CE8D6CE00135033 /* DesignSystem */,
				4CF92D132CE8DDD100135033 /* CoreModule */,
			);
			productName = macOS;
			productReference = 4CF92C4A2CE8A94D00135033 /* Nested List.app */;
			productType = "com.apple.product-type.application";
		};
		4CF92C5D2CE8A94E00135033 /* macOSTests */ = {
			isa = PBXNativeTarget;
			buildConfigurationList = 4CF92C762CE8A94E00135033 /* Build configuration list for PBXNativeTarget "macOSTests" */;
			buildPhases = (
				4CF92C5A2CE8A94E00135033 /* Sources */,
				4CF92C5B2CE8A94E00135033 /* Frameworks */,
				4CF92C5C2CE8A94E00135033 /* Resources */,
			);
			buildRules = (
			);
			dependencies = (
				4CF92C602CE8A94E00135033 /* PBXTargetDependency */,
			);
			fileSystemSynchronizedGroups = (
				4CF92C612CE8A94E00135033 /* macOSTests */,
			);
			name = macOSTests;
			packageProductDependencies = (
			);
			productName = macOSTests;
			productReference = 4CF92C5E2CE8A94E00135033 /* macOSTests.xctest */;
			productType = "com.apple.product-type.bundle.unit-test";
		};
		4CF92C672CE8A94E00135033 /* macOSUITests */ = {
			isa = PBXNativeTarget;
			buildConfigurationList = 4CF92C792CE8A94E00135033 /* Build configuration list for PBXNativeTarget "macOSUITests" */;
			buildPhases = (
				4CF92C642CE8A94E00135033 /* Sources */,
				4CF92C652CE8A94E00135033 /* Frameworks */,
				4CF92C662CE8A94E00135033 /* Resources */,
			);
			buildRules = (
			);
			dependencies = (
				4CF92C6A2CE8A94E00135033 /* PBXTargetDependency */,
			);
			fileSystemSynchronizedGroups = (
				4CF92C6B2CE8A94E00135033 /* macOSUITests */,
			);
			name = macOSUITests;
			packageProductDependencies = (
			);
			productName = macOSUITests;
			productReference = 4CF92C682CE8A94E00135033 /* macOSUITests.xctest */;
			productType = "com.apple.product-type.bundle.ui-testing";
		};
/* End PBXNativeTarget section */

/* Begin PBXProject section */
		4CF92C422CE8A94D00135033 /* Project object */ = {
			isa = PBXProject;
			attributes = {
				BuildIndependentTargetsInParallel = 1;
				LastSwiftUpdateCheck = 1600;
				LastUpgradeCheck = 1600;
				TargetAttributes = {
					4CF92C492CE8A94D00135033 = {
						CreatedOnToolsVersion = 16.0;
					};
					4CF92C5D2CE8A94E00135033 = {
						CreatedOnToolsVersion = 16.0;
						TestTargetID = 4CF92C492CE8A94D00135033;
					};
					4CF92C672CE8A94E00135033 = {
						CreatedOnToolsVersion = 16.0;
						TestTargetID = 4CF92C492CE8A94D00135033;
					};
				};
			};
			buildConfigurationList = 4CF92C452CE8A94D00135033 /* Build configuration list for PBXProject "macOS" */;
			developmentRegion = en;
			hasScannedForEncodings = 0;
			knownRegions = (
				en,
				Base,
			);
			mainGroup = 4CF92C412CE8A94D00135033;
			minimizedProjectReferenceProxies = 1;
			packageReferences = (
				4CF92CE72CE8CD3800135033 /* XCLocalSwiftPackageReference "../Hierarchy" */,
				4CF92D0C2CE8D6CE00135033 /* XCLocalSwiftPackageReference "../DesignSystem" */,
				4CF92D122CE8DDD100135033 /* XCLocalSwiftPackageReference "../CoreModule" */,
			);
			preferredProjectObjectVersion = 77;
			productRefGroup = 4CF92C4B2CE8A94D00135033 /* Products */;
			projectDirPath = "";
			projectRoot = "";
			targets = (
				4CF92C492CE8A94D00135033 /* Nested List */,
				4CF92C5D2CE8A94E00135033 /* macOSTests */,
				4CF92C672CE8A94E00135033 /* macOSUITests */,
			);
		};
/* End PBXProject section */

/* Begin PBXResourcesBuildPhase section */
		4CF92C482CE8A94D00135033 /* Resources */ = {
			isa = PBXResourcesBuildPhase;
			buildActionMask = 2147483647;
			files = (
				4CF92CF62CE8CD9600135033 /* Assets.xcassets in Resources */,
				4CF92CF82CE8CD9600135033 /* Main.storyboard in Resources */,
			);
			runOnlyForDeploymentPostprocessing = 0;
		};
		4CF92C5C2CE8A94E00135033 /* Resources */ = {
			isa = PBXResourcesBuildPhase;
			buildActionMask = 2147483647;
			files = (
			);
			runOnlyForDeploymentPostprocessing = 0;
		};
		4CF92C662CE8A94E00135033 /* Resources */ = {
			isa = PBXResourcesBuildPhase;
			buildActionMask = 2147483647;
			files = (
			);
			runOnlyForDeploymentPostprocessing = 0;
		};
/* End PBXResourcesBuildPhase section */

/* Begin PBXSourcesBuildPhase section */
		4CF92C462CE8A94D00135033 /* Sources */ = {
			isa = PBXSourcesBuildPhase;
			buildActionMask = 2147483647;
			files = (
				4CF92CF92CE8CD9600135033 /* AppDelegate.swift in Sources */,
				4CF92CFA2CE8CD9600135033 /* Document.swift in Sources */,
			);
			runOnlyForDeploymentPostprocessing = 0;
		};
		4CF92C5A2CE8A94E00135033 /* Sources */ = {
			isa = PBXSourcesBuildPhase;
			buildActionMask = 2147483647;
			files = (
			);
			runOnlyForDeploymentPostprocessing = 0;
		};
		4CF92C642CE8A94E00135033 /* Sources */ = {
			isa = PBXSourcesBuildPhase;
			buildActionMask = 2147483647;
			files = (
			);
			runOnlyForDeploymentPostprocessing = 0;
		};
/* End PBXSourcesBuildPhase section */

/* Begin PBXTargetDependency section */
		4CF92C602CE8A94E00135033 /* PBXTargetDependency */ = {
			isa = PBXTargetDependency;
			target = 4CF92C492CE8A94D00135033 /* Nested List */;
			targetProxy = 4CF92C5F2CE8A94E00135033 /* PBXContainerItemProxy */;
		};
		4CF92C6A2CE8A94E00135033 /* PBXTargetDependency */ = {
			isa = PBXTargetDependency;
			target = 4CF92C492CE8A94D00135033 /* Nested List */;
			targetProxy = 4CF92C692CE8A94E00135033 /* PBXContainerItemProxy */;
		};
/* End PBXTargetDependency section */

/* Begin PBXVariantGroup section */
		4CF92CF32CE8CD9600135033 /* Main.storyboard */ = {
			isa = PBXVariantGroup;
			children = (
				4CF92CF22CE8CD9600135033 /* Base */,
			);
			name = Main.storyboard;
			sourceTree = "<group>";
		};
/* End PBXVariantGroup section */

/* Begin XCBuildConfiguration section */
		4CF92C722CE8A94E00135033 /* Debug */ = {
			isa = XCBuildConfiguration;
			buildSettings = {
				ASSETCATALOG_COMPILER_APPICON_NAME = AppIcon;
				ASSETCATALOG_COMPILER_GLOBAL_ACCENT_COLOR_NAME = AccentColor;
				CODE_SIGN_ENTITLEMENTS = macOS/macOS.entitlements;
				CODE_SIGN_STYLE = Automatic;
				COMBINE_HIDPI_IMAGES = YES;
				CURRENT_PROJECT_VERSION = 1;
				DEVELOPMENT_TEAM = 48KV35Y6PN;
				ENABLE_HARDENED_RUNTIME = YES;
				ENABLE_USER_SELECTED_FILES = readwrite;
				GENERATE_INFOPLIST_FILE = YES;
				INFOPLIST_FILE = macOS/Info.plist;
				INFOPLIST_KEY_CFBundleDisplayName = NestedList;
				INFOPLIST_KEY_LSApplicationCategoryType = "public.app-category.utilities";
				INFOPLIST_KEY_NSHumanReadableCopyright = "Copyright © 2025 Anton Cherkasov. All rights reserved";
				INFOPLIST_KEY_NSMainStoryboardFile = Main;
				INFOPLIST_KEY_NSPrincipalClass = NSApplication;
				LD_RUNPATH_SEARCH_PATHS = (
					"$(inherited)",
					"@executable_path/../Frameworks",
				);
				MARKETING_VERSION = 1.0;
				PRODUCT_BUNDLE_IDENTIFIER = dev.zeroindex.NestedList;
				PRODUCT_NAME = "$(TARGET_NAME)";
				SWIFT_EMIT_LOC_STRINGS = YES;
				SWIFT_VERSION = 5.0;
			};
			name = Debug;
		};
		4CF92C732CE8A94E00135033 /* Release */ = {
			isa = XCBuildConfiguration;
			buildSettings = {
				ASSETCATALOG_COMPILER_APPICON_NAME = AppIcon;
				ASSETCATALOG_COMPILER_GLOBAL_ACCENT_COLOR_NAME = AccentColor;
				CODE_SIGN_ENTITLEMENTS = macOS/macOSRelease.entitlements;
				CODE_SIGN_STYLE = Automatic;
				COMBINE_HIDPI_IMAGES = YES;
				CURRENT_PROJECT_VERSION = 1;
				DEVELOPMENT_TEAM = 48KV35Y6PN;
				ENABLE_HARDENED_RUNTIME = YES;
				ENABLE_USER_SELECTED_FILES = readwrite;
				GENERATE_INFOPLIST_FILE = YES;
				INFOPLIST_FILE = macOS/Info.plist;
				INFOPLIST_KEY_CFBundleDisplayName = NestedList;
				INFOPLIST_KEY_LSApplicationCategoryType = "public.app-category.utilities";
				INFOPLIST_KEY_NSHumanReadableCopyright = "Copyright © 2025 Anton Cherkasov. All rights reserved";
				INFOPLIST_KEY_NSMainStoryboardFile = Main;
				INFOPLIST_KEY_NSPrincipalClass = NSApplication;
				LD_RUNPATH_SEARCH_PATHS = (
					"$(inherited)",
					"@executable_path/../Frameworks",
				);
				MARKETING_VERSION = 1.0;
				PRODUCT_BUNDLE_IDENTIFIER = dev.zeroindex.NestedList;
				PRODUCT_NAME = "$(TARGET_NAME)";
				SWIFT_EMIT_LOC_STRINGS = YES;
				SWIFT_VERSION = 5.0;
			};
			name = Release;
		};
		4CF92C742CE8A94E00135033 /* Debug */ = {
			isa = XCBuildConfiguration;
			buildSettings = {
				ALWAYS_SEARCH_USER_PATHS = NO;
				ASSETCATALOG_COMPILER_GENERATE_SWIFT_ASSET_SYMBOL_EXTENSIONS = YES;
				CLANG_ANALYZER_NONNULL = YES;
				CLANG_ANALYZER_NUMBER_OBJECT_CONVERSION = YES_AGGRESSIVE;
				CLANG_CXX_LANGUAGE_STANDARD = "gnu++20";
				CLANG_ENABLE_MODULES = YES;
				CLANG_ENABLE_OBJC_ARC = YES;
				CLANG_ENABLE_OBJC_WEAK = YES;
				CLANG_WARN_BLOCK_CAPTURE_AUTORELEASING = YES;
				CLANG_WARN_BOOL_CONVERSION = YES;
				CLANG_WARN_COMMA = YES;
				CLANG_WARN_CONSTANT_CONVERSION = YES;
				CLANG_WARN_DEPRECATED_OBJC_IMPLEMENTATIONS = YES;
				CLANG_WARN_DIRECT_OBJC_ISA_USAGE = YES_ERROR;
				CLANG_WARN_DOCUMENTATION_COMMENTS = YES;
				CLANG_WARN_EMPTY_BODY = YES;
				CLANG_WARN_ENUM_CONVERSION = YES;
				CLANG_WARN_INFINITE_RECURSION = YES;
				CLANG_WARN_INT_CONVERSION = YES;
				CLANG_WARN_NON_LITERAL_NULL_CONVERSION = YES;
				CLANG_WARN_OBJC_IMPLICIT_RETAIN_SELF = YES;
				CLANG_WARN_OBJC_LITERAL_CONVERSION = YES;
				CLANG_WARN_OBJC_ROOT_CLASS = YES_ERROR;
				CLANG_WARN_QUOTED_INCLUDE_IN_FRAMEWORK_HEADER = YES;
				CLANG_WARN_RANGE_LOOP_ANALYSIS = YES;
				CLANG_WARN_STRICT_PROTOTYPES = YES;
				CLANG_WARN_SUSPICIOUS_MOVE = YES;
				CLANG_WARN_UNGUARDED_AVAILABILITY = YES_AGGRESSIVE;
				CLANG_WARN_UNREACHABLE_CODE = YES;
				CLANG_WARN__DUPLICATE_METHOD_MATCH = YES;
				COPY_PHASE_STRIP = NO;
				DEBUG_INFORMATION_FORMAT = dwarf;
				ENABLE_STRICT_OBJC_MSGSEND = YES;
				ENABLE_TESTABILITY = YES;
				ENABLE_USER_SCRIPT_SANDBOXING = YES;
				GCC_C_LANGUAGE_STANDARD = gnu17;
				GCC_DYNAMIC_NO_PIC = NO;
				GCC_NO_COMMON_BLOCKS = YES;
				GCC_OPTIMIZATION_LEVEL = 0;
				GCC_PREPROCESSOR_DEFINITIONS = (
					"DEBUG=1",
					"$(inherited)",
				);
				GCC_WARN_64_TO_32_BIT_CONVERSION = YES;
				GCC_WARN_ABOUT_RETURN_TYPE = YES_ERROR;
				GCC_WARN_UNDECLARED_SELECTOR = YES;
				GCC_WARN_UNINITIALIZED_AUTOS = YES_AGGRESSIVE;
				GCC_WARN_UNUSED_FUNCTION = YES;
				GCC_WARN_UNUSED_VARIABLE = YES;
				LOCALIZATION_PREFERS_STRING_CATALOGS = YES;
				MACOSX_DEPLOYMENT_TARGET = 15.0;
				MTL_ENABLE_DEBUG_INFO = INCLUDE_SOURCE;
				MTL_FAST_MATH = YES;
				ONLY_ACTIVE_ARCH = YES;
				SDKROOT = macosx;
				SWIFT_ACTIVE_COMPILATION_CONDITIONS = "DEBUG $(inherited)";
				SWIFT_OPTIMIZATION_LEVEL = "-Onone";
			};
			name = Debug;
		};
		4CF92C752CE8A94E00135033 /* Release */ = {
			isa = XCBuildConfiguration;
			buildSettings = {
				ALWAYS_SEARCH_USER_PATHS = NO;
				ASSETCATALOG_COMPILER_GENERATE_SWIFT_ASSET_SYMBOL_EXTENSIONS = YES;
				CLANG_ANALYZER_NONNULL = YES;
				CLANG_ANALYZER_NUMBER_OBJECT_CONVERSION = YES_AGGRESSIVE;
				CLANG_CXX_LANGUAGE_STANDARD = "gnu++20";
				CLANG_ENABLE_MODULES = YES;
				CLANG_ENABLE_OBJC_ARC = YES;
				CLANG_ENABLE_OBJC_WEAK = YES;
				CLANG_WARN_BLOCK_CAPTURE_AUTORELEASING = YES;
				CLANG_WARN_BOOL_CONVERSION = YES;
				CLANG_WARN_COMMA = YES;
				CLANG_WARN_CONSTANT_CONVERSION = YES;
				CLANG_WARN_DEPRECATED_OBJC_IMPLEMENTATIONS = YES;
				CLANG_WARN_DIRECT_OBJC_ISA_USAGE = YES_ERROR;
				CLANG_WARN_DOCUMENTATION_COMMENTS = YES;
				CLANG_WARN_EMPTY_BODY = YES;
				CLANG_WARN_ENUM_CONVERSION = YES;
				CLANG_WARN_INFINITE_RECURSION = YES;
				CLANG_WARN_INT_CONVERSION = YES;
				CLANG_WARN_NON_LITERAL_NULL_CONVERSION = YES;
				CLANG_WARN_OBJC_IMPLICIT_RETAIN_SELF = YES;
				CLANG_WARN_OBJC_LITERAL_CONVERSION = YES;
				CLANG_WARN_OBJC_ROOT_CLASS = YES_ERROR;
				CLANG_WARN_QUOTED_INCLUDE_IN_FRAMEWORK_HEADER = YES;
				CLANG_WARN_RANGE_LOOP_ANALYSIS = YES;
				CLANG_WARN_STRICT_PROTOTYPES = YES;
				CLANG_WARN_SUSPICIOUS_MOVE = YES;
				CLANG_WARN_UNGUARDED_AVAILABILITY = YES_AGGRESSIVE;
				CLANG_WARN_UNREACHABLE_CODE = YES;
				CLANG_WARN__DUPLICATE_METHOD_MATCH = YES;
				COPY_PHASE_STRIP = NO;
				DEBUG_INFORMATION_FORMAT = "dwarf-with-dsym";
				ENABLE_NS_ASSERTIONS = NO;
				ENABLE_STRICT_OBJC_MSGSEND = YES;
				ENABLE_USER_SCRIPT_SANDBOXING = YES;
				GCC_C_LANGUAGE_STANDARD = gnu17;
				GCC_NO_COMMON_BLOCKS = YES;
				GCC_WARN_64_TO_32_BIT_CONVERSION = YES;
				GCC_WARN_ABOUT_RETURN_TYPE = YES_ERROR;
				GCC_WARN_UNDECLARED_SELECTOR = YES;
				GCC_WARN_UNINITIALIZED_AUTOS = YES_AGGRESSIVE;
				GCC_WARN_UNUSED_FUNCTION = YES;
				GCC_WARN_UNUSED_VARIABLE = YES;
				LOCALIZATION_PREFERS_STRING_CATALOGS = YES;
				MACOSX_DEPLOYMENT_TARGET = 15.0;
				MTL_ENABLE_DEBUG_INFO = NO;
				MTL_FAST_MATH = YES;
				SDKROOT = macosx;
				SWIFT_COMPILATION_MODE = wholemodule;
			};
			name = Release;
		};
		4CF92C772CE8A94E00135033 /* Debug */ = {
			isa = XCBuildConfiguration;
			buildSettings = {
				BUNDLE_LOADER = "$(TEST_HOST)";
				CODE_SIGN_STYLE = Automatic;
				CURRENT_PROJECT_VERSION = 1;
				DEVELOPMENT_TEAM = 48KV35Y6PN;
				GENERATE_INFOPLIST_FILE = YES;
				MACOSX_DEPLOYMENT_TARGET = 15.0;
				MARKETING_VERSION = 1.0;
				PRODUCT_BUNDLE_IDENTIFIER = dev.zeroindex.macOSTests;
				PRODUCT_NAME = "$(TARGET_NAME)";
				SWIFT_EMIT_LOC_STRINGS = NO;
				SWIFT_VERSION = 5.0;
				TEST_HOST = "$(BUILT_PRODUCTS_DIR)/macOS.app/$(BUNDLE_EXECUTABLE_FOLDER_PATH)/macOS";
			};
			name = Debug;
		};
		4CF92C782CE8A94E00135033 /* Release */ = {
			isa = XCBuildConfiguration;
			buildSettings = {
				BUNDLE_LOADER = "$(TEST_HOST)";
				CODE_SIGN_STYLE = Automatic;
				CURRENT_PROJECT_VERSION = 1;
				DEVELOPMENT_TEAM = 48KV35Y6PN;
				GENERATE_INFOPLIST_FILE = YES;
				MACOSX_DEPLOYMENT_TARGET = 15.0;
				MARKETING_VERSION = 1.0;
				PRODUCT_BUNDLE_IDENTIFIER = dev.zeroindex.macOSTests;
				PRODUCT_NAME = "$(TARGET_NAME)";
				SWIFT_EMIT_LOC_STRINGS = NO;
				SWIFT_VERSION = 5.0;
				TEST_HOST = "$(BUILT_PRODUCTS_DIR)/macOS.app/$(BUNDLE_EXECUTABLE_FOLDER_PATH)/macOS";
			};
			name = Release;
		};
		4CF92C7A2CE8A94E00135033 /* Debug */ = {
			isa = XCBuildConfiguration;
			buildSettings = {
				CODE_SIGN_STYLE = Automatic;
				CURRENT_PROJECT_VERSION = 1;
				DEVELOPMENT_TEAM = 48KV35Y6PN;
				GENERATE_INFOPLIST_FILE = YES;
				MARKETING_VERSION = 1.0;
				PRODUCT_BUNDLE_IDENTIFIER = dev.zeroindex.macOSUITests;
				PRODUCT_NAME = "$(TARGET_NAME)";
				SWIFT_EMIT_LOC_STRINGS = NO;
				SWIFT_VERSION = 5.0;
				TEST_TARGET_NAME = macOS;
			};
			name = Debug;
		};
		4CF92C7B2CE8A94E00135033 /* Release */ = {
			isa = XCBuildConfiguration;
			buildSettings = {
				CODE_SIGN_STYLE = Automatic;
				CURRENT_PROJECT_VERSION = 1;
				DEVELOPMENT_TEAM = 48KV35Y6PN;
				GENERATE_INFOPLIST_FILE = YES;
				MARKETING_VERSION = 1.0;
				PRODUCT_BUNDLE_IDENTIFIER = dev.zeroindex.macOSUITests;
				PRODUCT_NAME = "$(TARGET_NAME)";
				SWIFT_EMIT_LOC_STRINGS = NO;
				SWIFT_VERSION = 5.0;
				TEST_TARGET_NAME = macOS;
			};
			name = Release;
		};
/* End XCBuildConfiguration section */

/* Begin XCConfigurationList section */
		4CF92C452CE8A94D00135033 /* Build configuration list for PBXProject "macOS" */ = {
			isa = XCConfigurationList;
			buildConfigurations = (
				4CF92C742CE8A94E00135033 /* Debug */,
				4CF92C752CE8A94E00135033 /* Release */,
			);
			defaultConfigurationIsVisible = 0;
			defaultConfigurationName = Release;
		};
		4CF92C712CE8A94E00135033 /* Build configuration list for PBXNativeTarget "Nested List" */ = {
			isa = XCConfigurationList;
			buildConfigurations = (
				4CF92C722CE8A94E00135033 /* Debug */,
				4CF92C732CE8A94E00135033 /* Release */,
			);
			defaultConfigurationIsVisible = 0;
			defaultConfigurationName = Release;
		};
		4CF92C762CE8A94E00135033 /* Build configuration list for PBXNativeTarget "macOSTests" */ = {
			isa = XCConfigurationList;
			buildConfigurations = (
				4CF92C772CE8A94E00135033 /* Debug */,
				4CF92C782CE8A94E00135033 /* Release */,
			);
			defaultConfigurationIsVisible = 0;
			defaultConfigurationName = Release;
		};
		4CF92C792CE8A94E00135033 /* Build configuration list for PBXNativeTarget "macOSUITests" */ = {
			isa = XCConfigurationList;
			buildConfigurations = (
				4CF92C7A2CE8A94E00135033 /* Debug */,
				4CF92C7B2CE8A94E00135033 /* Release */,
			);
			defaultConfigurationIsVisible = 0;
			defaultConfigurationName = Release;
		};
/* End XCConfigurationList section */

/* Begin XCLocalSwiftPackageReference section */
		4CF92CE72CE8CD3800135033 /* XCLocalSwiftPackageReference "../Hierarchy" */ = {
			isa = XCLocalSwiftPackageReference;
			relativePath = ../Hierarchy;
		};
		4CF92D0C2CE8D6CE00135033 /* XCLocalSwiftPackageReference "../DesignSystem" */ = {
			isa = XCLocalSwiftPackageReference;
			relativePath = ../DesignSystem;
		};
		4CF92D122CE8DDD100135033 /* XCLocalSwiftPackageReference "../CoreModule" */ = {
			isa = XCLocalSwiftPackageReference;
			relativePath = ../CoreModule;
		};
/* End XCLocalSwiftPackageReference section */

/* Begin XCSwiftPackageProductDependency section */
		4CF92CE82CE8CD3800135033 /* Hierarchy */ = {
			isa = XCSwiftPackageProductDependency;
			productName = Hierarchy;
		};
		4CF92D0D2CE8D6CE00135033 /* DesignSystem */ = {
			isa = XCSwiftPackageProductDependency;
			productName = DesignSystem;
		};
		4CF92D132CE8DDD100135033 /* CoreModule */ = {
			isa = XCSwiftPackageProductDependency;
			productName = CoreModule;
		};
/* End XCSwiftPackageProductDependency section */
	};
	rootObject = 4CF92C422CE8A94D00135033 /* Project object */;
}
